
Microsoft Visual Studio Solution File, Format Version 12.00
# Visual Studio Version 16
VisualStudioVersion = 16.0.30611.23
MinimumVisualStudioVersion = 10.0.40219.1
Project("{8BC9CEB8-8B4A-11D0-8D11-00A0C91BC942}") = "Class time", "Class time\Class time.vcxproj", "{20223FC2-DE16-467B-809F-9D7F533481C2}"
EndProject
Global
	GlobalSection(SolutionConfigurationPlatforms) = preSolution
		Debug|x64 = Debug|x64
		Debug|x86 = Debug|x86
		Release|x64 = Release|x64
		Release|x86 = Release|x86
	EndGlobalSection
	GlobalSection(ProjectConfigurationPlatforms) = postSolution
		{20223FC2-DE16-467B-809F-9D7F533481C2}.Debug|x64.ActiveCfg = Debug|x64
		{20223FC2-DE16-467B-809F-9D7F533481C2}.Debug|x64.Build.0 = Debug|x64
		{20223FC2-DE16-467B-809F-9D7F533481C2}.Debug|x86.ActiveCfg = Debug|Win32
		{20223FC2-DE16-467B-809F-9D7F533481C2}.Debug|x86.Build.0 = Debug|Win32
		{20223FC2-DE16-467B-809F-9D7F533481C2}.Release|x64.ActiveCfg = Release|x64
		{20223FC2-DE16-467B-809F-9D7F533481C2}.Release|x64.Build.0 = Release|x64
		{20223FC2-DE16-467B-809F-9D7F533481C2}.Release|x86.ActiveCfg = Release|Win32
		{20223FC2-DE16-467B-809F-9D7F533481C2}.Release|x86.Build.0 = Release|Win32
	EndGlobalSection
	GlobalSection(SolutionProperties) = preSolution
		HideSolutionNode = FALSE
	EndGlobalSection
	GlobalSection(ExtensibilityGlobals) = postSolution
		SolutionGuid = {4D114B6C-DA26-47F1-901A-6C27C3A2B586}
	EndGlobalSection
EndGlobal
